
Microsoft Visual Studio Solution File, Format Version 12.00
# Visual Studio Version 17
VisualStudioVersion = 17.1.32407.343
MinimumVisualStudioVersion = 10.0.40219.1
Project("{9A19103F-16F7-4668-BE54-9A1E7A4F7556}") = "AzlanioBaseWebApp", "AzlanioBaseWebApp.csproj", "{2A362887-B3B5-4EEF-99E2-3ED56C14EDBE}"
EndProject
Global
	GlobalSection(SolutionConfigurationPlatforms) = preSolution
		Debug|Any CPU = Debug|Any CPU
		Release|Any CPU = Release|Any CPU
	EndGlobalSection
	GlobalSection(ProjectConfigurationPlatforms) = postSolution
		{2A362887-B3B5-4EEF-99E2-3ED56C14EDBE}.Debug|Any CPU.ActiveCfg = Debug|Any CPU
		{2A362887-B3B5-4EEF-99E2-3ED56C14EDBE}.Debug|Any CPU.Build.0 = Debug|Any CPU
		{2A362887-B3B5-4EEF-99E2-3ED56C14EDBE}.Release|Any CPU.ActiveCfg = Release|Any CPU
		{2A362887-B3B5-4EEF-99E2-3ED56C14EDBE}.Release|Any CPU.Build.0 = Release|Any CPU
	EndGlobalSection
	GlobalSection(SolutionProperties) = preSolution
		HideSolutionNode = FALSE
	EndGlobalSection
	GlobalSection(ExtensibilityGlobals) = postSolution
		SolutionGuid = {8D1B34C9-0CDB-43F8-A9A7-B91A2D715B85}
	EndGlobalSection
EndGlobal
